// !$*UTF8*$!
{
	archiveVersion = 1;
	classes = {
	};
	objectVersion = 56;
	objects = {

/* Begin PBXBuildFile section */
		181092FB2AA7175600B340D4 /* NetflixCloneModel.xcdatamodeld in Sources */ = {isa = PBXBuildFile; fileRef = 181092F92AA7175600B340D4 /* NetflixCloneModel.xcdatamodeld */; };
		181092FD2AA7193000B340D4 /* DataPersistenceManager.swift in Sources */ = {isa = PBXBuildFile; fileRef = 181092FC2AA7193000B340D4 /* DataPersistenceManager.swift */; };
		184CDEC02A6854300084A22C /* SearchResultsViewController.swift in Sources */ = {isa = PBXBuildFile; fileRef = 184CDEBF2A6854300084A22C /* SearchResultsViewController.swift */; };
		1869717D2A55AC200034DD98 /* APICaller.swift in Sources */ = {isa = PBXBuildFile; fileRef = 1869717C2A55AC200034DD98 /* APICaller.swift */; };
		1869717F2A55B1F20034DD98 /* Title.swift in Sources */ = {isa = PBXBuildFile; fileRef = 1869717E2A55B1F20034DD98 /* Title.swift */; };
		186F724E2A581C86004B36B0 /* Extensions.swift in Sources */ = {isa = PBXBuildFile; fileRef = 186F724D2A581C86004B36B0 /* Extensions.swift */; };
		18748AA32A6BBB6B009A83B5 /* TitlePreviewViewController.swift in Sources */ = {isa = PBXBuildFile; fileRef = 18748AA22A6BBB6B009A83B5 /* TitlePreviewViewController.swift */; };
		18748AA52A6BBE93009A83B5 /* TitlePreviewViewModel.swift in Sources */ = {isa = PBXBuildFile; fileRef = 18748AA42A6BBE93009A83B5 /* TitlePreviewViewModel.swift */; };
		188ED0CF2A67D4ED00903D50 /* TitleCollectionViewCell.swift in Sources */ = {isa = PBXBuildFile; fileRef = 188ED0CE2A67D4ED00903D50 /* TitleCollectionViewCell.swift */; };
		188ED0D22A67D60A00903D50 /* SDWebImage in Frameworks */ = {isa = PBXBuildFile; productRef = 188ED0D12A67D60A00903D50 /* SDWebImage */; };
		188ED0D42A67D60A00903D50 /* SDWebImageMapKit in Frameworks */ = {isa = PBXBuildFile; productRef = 188ED0D32A67D60A00903D50 /* SDWebImageMapKit */; };
		188ED0D62A67E97400903D50 /* TitleTableViewCell.swift in Sources */ = {isa = PBXBuildFile; fileRef = 188ED0D52A67E97400903D50 /* TitleTableViewCell.swift */; };
		188ED0D82A67ECD600903D50 /* TitleViewModel.swift in Sources */ = {isa = PBXBuildFile; fileRef = 188ED0D72A67ECD600903D50 /* TitleViewModel.swift */; };
		18AE014D2A6AE64900D9A29A /* YoutubeSearchResponse.swift in Sources */ = {isa = PBXBuildFile; fileRef = 18AE014C2A6AE64900D9A29A /* YoutubeSearchResponse.swift */; };
		18F674EF2A555FB90046257F /* AppDelegate.swift in Sources */ = {isa = PBXBuildFile; fileRef = 18F674EE2A555FB90046257F /* AppDelegate.swift */; };
		18F674F12A555FB90046257F /* SceneDelegate.swift in Sources */ = {isa = PBXBuildFile; fileRef = 18F674F02A555FB90046257F /* SceneDelegate.swift */; };
		18F674F32A555FB90046257F /* MainTabBarViewController.swift in Sources */ = {isa = PBXBuildFile; fileRef = 18F674F22A555FB90046257F /* MainTabBarViewController.swift */; };
		18F674F82A555FBA0046257F /* Assets.xcassets in Resources */ = {isa = PBXBuildFile; fileRef = 18F674F72A555FBA0046257F /* Assets.xcassets */; };
		18F674FB2A555FBA0046257F /* LaunchScreen.storyboard in Resources */ = {isa = PBXBuildFile; fileRef = 18F674F92A555FBA0046257F /* LaunchScreen.storyboard */; };
		18F675042A5561810046257F /* HomeViewController.swift in Sources */ = {isa = PBXBuildFile; fileRef = 18F675032A5561810046257F /* HomeViewController.swift */; };
		18F675062A55619C0046257F /* UpcomingViewController.swift in Sources */ = {isa = PBXBuildFile; fileRef = 18F675052A55619C0046257F /* UpcomingViewController.swift */; };
		18F675082A5561B20046257F /* SearchViewController.swift in Sources */ = {isa = PBXBuildFile; fileRef = 18F675072A5561B20046257F /* SearchViewController.swift */; };
		18F6750A2A5561C40046257F /* DownloadsViewController.swift in Sources */ = {isa = PBXBuildFile; fileRef = 18F675092A5561C40046257F /* DownloadsViewController.swift */; };
		18F675102A5566650046257F /* CollectionTableViewCell.swift in Sources */ = {isa = PBXBuildFile; fileRef = 18F6750F2A5566650046257F /* CollectionTableViewCell.swift */; };
		18F675122A55759B0046257F /* HeroHeaderUIView.swift in Sources */ = {isa = PBXBuildFile; fileRef = 18F675112A55759B0046257F /* HeroHeaderUIView.swift */; };
/* End PBXBuildFile section */

/* Begin PBXFileReference section */
		181092FA2AA7175600B340D4 /* NetflixCloneModel.xcdatamodel */ = {isa = PBXFileReference; lastKnownFileType = wrapper.xcdatamodel; path = NetflixCloneModel.xcdatamodel; sourceTree = "<group>"; };
		181092FC2AA7193000B340D4 /* DataPersistenceManager.swift */ = {isa = PBXFileReference; lastKnownFileType = sourcecode.swift; path = DataPersistenceManager.swift; sourceTree = "<group>"; };
		184CDEBF2A6854300084A22C /* SearchResultsViewController.swift */ = {isa = PBXFileReference; lastKnownFileType = sourcecode.swift; path = SearchResultsViewController.swift; sourceTree = "<group>"; };
		1869717C2A55AC200034DD98 /* APICaller.swift */ = {isa = PBXFileReference; lastKnownFileType = sourcecode.swift; path = APICaller.swift; sourceTree = "<group>"; };
		1869717E2A55B1F20034DD98 /* Title.swift */ = {isa = PBXFileReference; lastKnownFileType = sourcecode.swift; path = Title.swift; sourceTree = "<group>"; };
		186F724D2A581C86004B36B0 /* Extensions.swift */ = {isa = PBXFileReference; lastKnownFileType = sourcecode.swift; path = Extensions.swift; sourceTree = "<group>"; };
		18748AA22A6BBB6B009A83B5 /* TitlePreviewViewController.swift */ = {isa = PBXFileReference; lastKnownFileType = sourcecode.swift; path = TitlePreviewViewController.swift; sourceTree = "<group>"; };
		18748AA42A6BBE93009A83B5 /* TitlePreviewViewModel.swift */ = {isa = PBXFileReference; lastKnownFileType = sourcecode.swift; path = TitlePreviewViewModel.swift; sourceTree = "<group>"; };
		188ED0CE2A67D4ED00903D50 /* TitleCollectionViewCell.swift */ = {isa = PBXFileReference; lastKnownFileType = sourcecode.swift; path = TitleCollectionViewCell.swift; sourceTree = "<group>"; };
		188ED0D52A67E97400903D50 /* TitleTableViewCell.swift */ = {isa = PBXFileReference; lastKnownFileType = sourcecode.swift; path = TitleTableViewCell.swift; sourceTree = "<group>"; };
		188ED0D72A67ECD600903D50 /* TitleViewModel.swift */ = {isa = PBXFileReference; lastKnownFileType = sourcecode.swift; path = TitleViewModel.swift; sourceTree = "<group>"; };
		18AE014C2A6AE64900D9A29A /* YoutubeSearchResponse.swift */ = {isa = PBXFileReference; lastKnownFileType = sourcecode.swift; path = YoutubeSearchResponse.swift; sourceTree = "<group>"; };
		18F674EB2A555FB90046257F /* Netflix Clone.app */ = {isa = PBXFileReference; explicitFileType = wrapper.application; includeInIndex = 0; path = "Netflix Clone.app"; sourceTree = BUILT_PRODUCTS_DIR; };
		18F674EE2A555FB90046257F /* AppDelegate.swift */ = {isa = PBXFileReference; lastKnownFileType = sourcecode.swift; path = AppDelegate.swift; sourceTree = "<group>"; };
		18F674F02A555FB90046257F /* SceneDelegate.swift */ = {isa = PBXFileReference; lastKnownFileType = sourcecode.swift; path = SceneDelegate.swift; sourceTree = "<group>"; };
		18F674F22A555FB90046257F /* MainTabBarViewController.swift */ = {isa = PBXFileReference; lastKnownFileType = sourcecode.swift; path = MainTabBarViewController.swift; sourceTree = "<group>"; };
		18F674F72A555FBA0046257F /* Assets.xcassets */ = {isa = PBXFileReference; lastKnownFileType = folder.assetcatalog; path = Assets.xcassets; sourceTree = "<group>"; };
		18F674FA2A555FBA0046257F /* Base */ = {isa = PBXFileReference; lastKnownFileType = file.storyboard; name = Base; path = Base.lproj/LaunchScreen.storyboard; sourceTree = "<group>"; };
		18F674FC2A555FBA0046257F /* Info.plist */ = {isa = PBXFileReference; lastKnownFileType = text.plist.xml; path = Info.plist; sourceTree = "<group>"; };
		18F675032A5561810046257F /* HomeViewController.swift */ = {isa = PBXFileReference; lastKnownFileType = sourcecode.swift; path = HomeViewController.swift; sourceTree = "<group>"; };
		18F675052A55619C0046257F /* UpcomingViewController.swift */ = {isa = PBXFileReference; lastKnownFileType = sourcecode.swift; path = UpcomingViewController.swift; sourceTree = "<group>"; };
		18F675072A5561B20046257F /* SearchViewController.swift */ = {isa = PBXFileReference; lastKnownFileType = sourcecode.swift; path = SearchViewController.swift; sourceTree = "<group>"; };
		18F675092A5561C40046257F /* DownloadsViewController.swift */ = {isa = PBXFileReference; lastKnownFileType = sourcecode.swift; path = DownloadsViewController.swift; sourceTree = "<group>"; };
		18F6750F2A5566650046257F /* CollectionTableViewCell.swift */ = {isa = PBXFileReference; lastKnownFileType = sourcecode.swift; path = CollectionTableViewCell.swift; sourceTree = "<group>"; };
		18F675112A55759B0046257F /* HeroHeaderUIView.swift */ = {isa = PBXFileReference; lastKnownFileType = sourcecode.swift; path = HeroHeaderUIView.swift; sourceTree = "<group>"; };
/* End PBXFileReference section */

/* Begin PBXFrameworksBuildPhase section */
		18F674E82A555FB90046257F /* Frameworks */ = {
			isa = PBXFrameworksBuildPhase;
			buildActionMask = 2147483647;
			files = (
				188ED0D42A67D60A00903D50 /* SDWebImageMapKit in Frameworks */,
				188ED0D22A67D60A00903D50 /* SDWebImage in Frameworks */,
			);
			runOnlyForDeploymentPostprocessing = 0;
		};
/* End PBXFrameworksBuildPhase section */

/* Begin PBXGroup section */
		184CDEC12A6854540084A22C /* Core */ = {
			isa = PBXGroup;
			children = (
				18F675032A5561810046257F /* HomeViewController.swift */,
				18F675052A55619C0046257F /* UpcomingViewController.swift */,
				18F675072A5561B20046257F /* SearchViewController.swift */,
				18F674F22A555FB90046257F /* MainTabBarViewController.swift */,
				18F675092A5561C40046257F /* DownloadsViewController.swift */,
			);
			path = Core;
			sourceTree = "<group>";
		};
		184CDEC22A68548A0084A22C /* General */ = {
			isa = PBXGroup;
			children = (
				184CDEBF2A6854300084A22C /* SearchResultsViewController.swift */,
				18748AA22A6BBB6B009A83B5 /* TitlePreviewViewController.swift */,
			);
			path = General;
			sourceTree = "<group>";
		};
		1869717B2A55AC050034DD98 /* Managers */ = {
			isa = PBXGroup;
			children = (
				1869717C2A55AC200034DD98 /* APICaller.swift */,
				181092FC2AA7193000B340D4 /* DataPersistenceManager.swift */,
			);
			path = Managers;
			sourceTree = "<group>";
		};
		18F674E22A555FB90046257F = {
			isa = PBXGroup;
			children = (
				18F674ED2A555FB90046257F /* Netflix Clone */,
				18F674EC2A555FB90046257F /* Products */,
			);
			sourceTree = "<group>";
		};
		18F674EC2A555FB90046257F /* Products */ = {
			isa = PBXGroup;
			children = (
				18F674EB2A555FB90046257F /* Netflix Clone.app */,
			);
			name = Products;
			sourceTree = "<group>";
		};
		18F674ED2A555FB90046257F /* Netflix Clone */ = {
			isa = PBXGroup;
			children = (
				1869717B2A55AC050034DD98 /* Managers */,
				18F6750E2A5566320046257F /* Resources */,
				18F6750D2A5566240046257F /* Models */,
				18F6750C2A55661C0046257F /* ViewModels */,
				18F6750B2A5566140046257F /* Views */,
				18F675022A5561650046257F /* Controllers */,
				18F674F72A555FBA0046257F /* Assets.xcassets */,
				18F674F92A555FBA0046257F /* LaunchScreen.storyboard */,
				18F674FC2A555FBA0046257F /* Info.plist */,
				181092F92AA7175600B340D4 /* NetflixCloneModel.xcdatamodeld */,
			);
			path = "Netflix Clone";
			sourceTree = "<group>";
		};
		18F675022A5561650046257F /* Controllers */ = {
			isa = PBXGroup;
			children = (
				184CDEC22A68548A0084A22C /* General */,
				184CDEC12A6854540084A22C /* Core */,
			);
			path = Controllers;
			sourceTree = "<group>";
		};
		18F6750B2A5566140046257F /* Views */ = {
			isa = PBXGroup;
			children = (
				18F6750F2A5566650046257F /* CollectionTableViewCell.swift */,
				18F675112A55759B0046257F /* HeroHeaderUIView.swift */,
				188ED0CE2A67D4ED00903D50 /* TitleCollectionViewCell.swift */,
				188ED0D52A67E97400903D50 /* TitleTableViewCell.swift */,
			);
			path = Views;
			sourceTree = "<group>";
		};
		18F6750C2A55661C0046257F /* ViewModels */ = {
			isa = PBXGroup;
			children = (
				188ED0D72A67ECD600903D50 /* TitleViewModel.swift */,
				18748AA42A6BBE93009A83B5 /* TitlePreviewViewModel.swift */,
			);
			path = ViewModels;
			sourceTree = "<group>";
		};
		18F6750D2A5566240046257F /* Models */ = {
			isa = PBXGroup;
			children = (
				1869717E2A55B1F20034DD98 /* Title.swift */,
				18AE014C2A6AE64900D9A29A /* YoutubeSearchResponse.swift */,
			);
			path = Models;
			sourceTree = "<group>";
		};
		18F6750E2A5566320046257F /* Resources */ = {
			isa = PBXGroup;
			children = (
				186F724D2A581C86004B36B0 /* Extensions.swift */,
				18F674EE2A555FB90046257F /* AppDelegate.swift */,
				18F674F02A555FB90046257F /* SceneDelegate.swift */,
			);
			path = Resources;
			sourceTree = "<group>";
		};
/* End PBXGroup section */

/* Begin PBXNativeTarget section */
		18F674EA2A555FB90046257F /* Netflix Clone */ = {
			isa = PBXNativeTarget;
			buildConfigurationList = 18F674FF2A555FBA0046257F /* Build configuration list for PBXNativeTarget "Netflix Clone" */;
			buildPhases = (
				18F674E72A555FB90046257F /* Sources */,
				18F674E82A555FB90046257F /* Frameworks */,
				18F674E92A555FB90046257F /* Resources */,
			);
			buildRules = (
			);
			dependencies = (
			);
			name = "Netflix Clone";
			packageProductDependencies = (
				188ED0D12A67D60A00903D50 /* SDWebImage */,
				188ED0D32A67D60A00903D50 /* SDWebImageMapKit */,
			);
			productName = "Netflix Clone";
			productReference = 18F674EB2A555FB90046257F /* Netflix Clone.app */;
			productType = "com.apple.product-type.application";
		};
/* End PBXNativeTarget section */

/* Begin PBXProject section */
		18F674E32A555FB90046257F /* Project object */ = {
			isa = PBXProject;
			attributes = {
				BuildIndependentTargetsInParallel = 1;
				LastSwiftUpdateCheck = 1430;
				LastUpgradeCheck = 1430;
				TargetAttributes = {
					18F674EA2A555FB90046257F = {
						CreatedOnToolsVersion = 14.3.1;
					};
				};
			};
			buildConfigurationList = 18F674E62A555FB90046257F /* Build configuration list for PBXProject "Netflix Clone" */;
			compatibilityVersion = "Xcode 14.0";
			developmentRegion = en;
			hasScannedForEncodings = 0;
			knownRegions = (
				en,
				Base,
			);
			mainGroup = 18F674E22A555FB90046257F;
			packageReferences = (
				188ED0D02A67D60A00903D50 /* XCRemoteSwiftPackageReference "SDWebImage" */,
			);
			productRefGroup = 18F674EC2A555FB90046257F /* Products */;
			projectDirPath = "";
			projectRoot = "";
			targets = (
				18F674EA2A555FB90046257F /* Netflix Clone */,
			);
		};
/* End PBXProject section */

/* Begin PBXResourcesBuildPhase section */
		18F674E92A555FB90046257F /* Resources */ = {
			isa = PBXResourcesBuildPhase;
			buildActionMask = 2147483647;
			files = (
				18F674FB2A555FBA0046257F /* LaunchScreen.storyboard in Resources */,
				18F674F82A555FBA0046257F /* Assets.xcassets in Resources */,
			);
			runOnlyForDeploymentPostprocessing = 0;
		};
/* End PBXResourcesBuildPhase section */

/* Begin PBXSourcesBuildPhase section */
		18F674E72A555FB90046257F /* Sources */ = {
			isa = PBXSourcesBuildPhase;
			buildActionMask = 2147483647;
			files = (
				188ED0D62A67E97400903D50 /* TitleTableViewCell.swift in Sources */,
				18F675082A5561B20046257F /* SearchViewController.swift in Sources */,
				188ED0CF2A67D4ED00903D50 /* TitleCollectionViewCell.swift in Sources */,
				181092FD2AA7193000B340D4 /* DataPersistenceManager.swift in Sources */,
				18F674F32A555FB90046257F /* MainTabBarViewController.swift in Sources */,
				18F6750A2A5561C40046257F /* DownloadsViewController.swift in Sources */,
				1869717D2A55AC200034DD98 /* APICaller.swift in Sources */,
				181092FB2AA7175600B340D4 /* NetflixCloneModel.xcdatamodeld in Sources */,
				18F675122A55759B0046257F /* HeroHeaderUIView.swift in Sources */,
				18F674EF2A555FB90046257F /* AppDelegate.swift in Sources */,
				18F674F12A555FB90046257F /* SceneDelegate.swift in Sources */,
				184CDEC02A6854300084A22C /* SearchResultsViewController.swift in Sources */,
				186F724E2A581C86004B36B0 /* Extensions.swift in Sources */,
				18AE014D2A6AE64900D9A29A /* YoutubeSearchResponse.swift in Sources */,
				18F675062A55619C0046257F /* UpcomingViewController.swift in Sources */,
				18748AA52A6BBE93009A83B5 /* TitlePreviewViewModel.swift in Sources */,
				18F675042A5561810046257F /* HomeViewController.swift in Sources */,
				18748AA32A6BBB6B009A83B5 /* TitlePreviewViewController.swift in Sources */,
				1869717F2A55B1F20034DD98 /* Title.swift in Sources */,
				18F675102A5566650046257F /* CollectionTableViewCell.swift in Sources */,
				188ED0D82A67ECD600903D50 /* TitleViewModel.swift in Sources */,
			);
			runOnlyForDeploymentPostprocessing = 0;
		};
/* End PBXSourcesBuildPhase section */

/* Begin PBXVariantGroup section */
		18F674F92A555FBA0046257F /* LaunchScreen.storyboard */ = {
			isa = PBXVariantGroup;
			children = (
				18F674FA2A555FBA0046257F /* Base */,
			);
			name = LaunchScreen.storyboard;
			sourceTree = "<group>";
		};
/* End PBXVariantGroup section */

/* Begin XCBuildConfiguration section */
		18F674FD2A555FBA0046257F /* Debug */ = {
			isa = XCBuildConfiguration;
			buildSettings = {
				ALWAYS_SEARCH_USER_PATHS = NO;
				CLANG_ANALYZER_NONNULL = YES;
				CLANG_ANALYZER_NUMBER_OBJECT_CONVERSION = YES_AGGRESSIVE;
				CLANG_CXX_LANGUAGE_STANDARD = "gnu++20";
				CLANG_ENABLE_MODULES = YES;
				CLANG_ENABLE_OBJC_ARC = YES;
				CLANG_ENABLE_OBJC_WEAK = YES;
				CLANG_WARN_BLOCK_CAPTURE_AUTORELEASING = YES;
				CLANG_WARN_BOOL_CONVERSION = YES;
				CLANG_WARN_COMMA = YES;
				CLANG_WARN_CONSTANT_CONVERSION = YES;
				CLANG_WARN_DEPRECATED_OBJC_IMPLEMENTATIONS = YES;
				CLANG_WARN_DIRECT_OBJC_ISA_USAGE = YES_ERROR;
				CLANG_WARN_DOCUMENTATION_COMMENTS = YES;
				CLANG_WARN_EMPTY_BODY = YES;
				CLANG_WARN_ENUM_CONVERSION = YES;
				CLANG_WARN_INFINITE_RECURSION = YES;
				CLANG_WARN_INT_CONVERSION = YES;
				CLANG_WARN_NON_LITERAL_NULL_CONVERSION = YES;
				CLANG_WARN_OBJC_IMPLICIT_RETAIN_SELF = YES;
				CLANG_WARN_OBJC_LITERAL_CONVERSION = YES;
				CLANG_WARN_OBJC_ROOT_CLASS = YES_ERROR;
				CLANG_WARN_QUOTED_INCLUDE_IN_FRAMEWORK_HEADER = YES;
				CLANG_WARN_RANGE_LOOP_ANALYSIS = YES;
				CLANG_WARN_STRICT_PROTOTYPES = YES;
				CLANG_WARN_SUSPICIOUS_MOVE = YES;
				CLANG_WARN_UNGUARDED_AVAILABILITY = YES_AGGRESSIVE;
				CLANG_WARN_UNREACHABLE_CODE = YES;
				CLANG_WARN__DUPLICATE_METHOD_MATCH = YES;
				COPY_PHASE_STRIP = NO;
				DEBUG_INFORMATION_FORMAT = dwarf;
				ENABLE_STRICT_OBJC_MSGSEND = YES;
				ENABLE_TESTABILITY = YES;
				GCC_C_LANGUAGE_STANDARD = gnu11;
				GCC_DYNAMIC_NO_PIC = NO;
				GCC_NO_COMMON_BLOCKS = YES;
				GCC_OPTIMIZATION_LEVEL = 0;
				GCC_PREPROCESSOR_DEFINITIONS = (
					"DEBUG=1",
					"$(inherited)",
				);
				GCC_WARN_64_TO_32_BIT_CONVERSION = YES;
				GCC_WARN_ABOUT_RETURN_TYPE = YES_ERROR;
				GCC_WARN_UNDECLARED_SELECTOR = YES;
				GCC_WARN_UNINITIALIZED_AUTOS = YES_AGGRESSIVE;
				GCC_WARN_UNUSED_FUNCTION = YES;
				GCC_WARN_UNUSED_VARIABLE = YES;
				IPHONEOS_DEPLOYMENT_TARGET = 16.4;
				MTL_ENABLE_DEBUG_INFO = INCLUDE_SOURCE;
				MTL_FAST_MATH = YES;
				ONLY_ACTIVE_ARCH = YES;
				SDKROOT = iphoneos;
				SWIFT_ACTIVE_COMPILATION_CONDITIONS = DEBUG;
				SWIFT_OPTIMIZATION_LEVEL = "-Onone";
			};
			name = Debug;
		};
		18F674FE2A555FBA0046257F /* Release */ = {
			isa = XCBuildConfiguration;
			buildSettings = {
				ALWAYS_SEARCH_USER_PATHS = NO;
				CLANG_ANALYZER_NONNULL = YES;
				CLANG_ANALYZER_NUMBER_OBJECT_CONVERSION = YES_AGGRESSIVE;
				CLANG_CXX_LANGUAGE_STANDARD = "gnu++20";
				CLANG_ENABLE_MODULES = YES;
				CLANG_ENABLE_OBJC_ARC = YES;
				CLANG_ENABLE_OBJC_WEAK = YES;
				CLANG_WARN_BLOCK_CAPTURE_AUTORELEASING = YES;
				CLANG_WARN_BOOL_CONVERSION = YES;
				CLANG_WARN_COMMA = YES;
				CLANG_WARN_CONSTANT_CONVERSION = YES;
				CLANG_WARN_DEPRECATED_OBJC_IMPLEMENTATIONS = YES;
				CLANG_WARN_DIRECT_OBJC_ISA_USAGE = YES_ERROR;
				CLANG_WARN_DOCUMENTATION_COMMENTS = YES;
				CLANG_WARN_EMPTY_BODY = YES;
				CLANG_WARN_ENUM_CONVERSION = YES;
				CLANG_WARN_INFINITE_RECURSION = YES;
				CLANG_WARN_INT_CONVERSION = YES;
				CLANG_WARN_NON_LITERAL_NULL_CONVERSION = YES;
				CLANG_WARN_OBJC_IMPLICIT_RETAIN_SELF = YES;
				CLANG_WARN_OBJC_LITERAL_CONVERSION = YES;
				CLANG_WARN_OBJC_ROOT_CLASS = YES_ERROR;
				CLANG_WARN_QUOTED_INCLUDE_IN_FRAMEWORK_HEADER = YES;
				CLANG_WARN_RANGE_LOOP_ANALYSIS = YES;
				CLANG_WARN_STRICT_PROTOTYPES = YES;
				CLANG_WARN_SUSPICIOUS_MOVE = YES;
				CLANG_WARN_UNGUARDED_AVAILABILITY = YES_AGGRESSIVE;
				CLANG_WARN_UNREACHABLE_CODE = YES;
				CLANG_WARN__DUPLICATE_METHOD_MATCH = YES;
				COPY_PHASE_STRIP = NO;
				DEBUG_INFORMATION_FORMAT = "dwarf-with-dsym";
				ENABLE_NS_ASSERTIONS = NO;
				ENABLE_STRICT_OBJC_MSGSEND = YES;
				GCC_C_LANGUAGE_STANDARD = gnu11;
				GCC_NO_COMMON_BLOCKS = YES;
				GCC_WARN_64_TO_32_BIT_CONVERSION = YES;
				GCC_WARN_ABOUT_RETURN_TYPE = YES_ERROR;
				GCC_WARN_UNDECLARED_SELECTOR = YES;
				GCC_WARN_UNINITIALIZED_AUTOS = YES_AGGRESSIVE;
				GCC_WARN_UNUSED_FUNCTION = YES;
				GCC_WARN_UNUSED_VARIABLE = YES;
				IPHONEOS_DEPLOYMENT_TARGET = 16.4;
				MTL_ENABLE_DEBUG_INFO = NO;
				MTL_FAST_MATH = YES;
				SDKROOT = iphoneos;
				SWIFT_COMPILATION_MODE = wholemodule;
				SWIFT_OPTIMIZATION_LEVEL = "-O";
				VALIDATE_PRODUCT = YES;
			};
			name = Release;
		};
		18F675002A555FBA0046257F /* Debug */ = {
			isa = XCBuildConfiguration;
			buildSettings = {
				ASSETCATALOG_COMPILER_APPICON_NAME = AppIcon;
				ASSETCATALOG_COMPILER_GLOBAL_ACCENT_COLOR_NAME = AccentColor;
				CODE_SIGN_STYLE = Automatic;
				CURRENT_PROJECT_VERSION = 1;
				DEVELOPMENT_TEAM = V834C37N47;
				GENERATE_INFOPLIST_FILE = YES;
				INFOPLIST_FILE = "Netflix Clone/Info.plist";
				INFOPLIST_KEY_UIApplicationSupportsIndirectInputEvents = YES;
				INFOPLIST_KEY_UILaunchStoryboardName = LaunchScreen;
				INFOPLIST_KEY_UISupportedInterfaceOrientations_iPad = "UIInterfaceOrientationPortrait UIInterfaceOrientationPortraitUpsideDown UIInterfaceOrientationLandscapeLeft UIInterfaceOrientationLandscapeRight";
				INFOPLIST_KEY_UISupportedInterfaceOrientations_iPhone = "UIInterfaceOrientationPortrait UIInterfaceOrientationLandscapeLeft UIInterfaceOrientationLandscapeRight";
				LD_RUNPATH_SEARCH_PATHS = (
					"$(inherited)",
					"@executable_path/Frameworks",
				);
				MARKETING_VERSION = 1.0;
				PRODUCT_BUNDLE_IDENTIFIER = "AnlBRC.Netflix-Clone";
				PRODUCT_NAME = "$(TARGET_NAME)";
				SWIFT_EMIT_LOC_STRINGS = YES;
				SWIFT_VERSION = 5.0;
				TARGETED_DEVICE_FAMILY = "1,2";
			};
			name = Debug;
		};
		18F675012A555FBA0046257F /* Release */ = {
			isa = XCBuildConfiguration;
			buildSettings = {
				ASSETCATALOG_COMPILER_APPICON_NAME = AppIcon;
				ASSETCATALOG_COMPILER_GLOBAL_ACCENT_COLOR_NAME = AccentColor;
				CODE_SIGN_STYLE = Automatic;
				CURRENT_PROJECT_VERSION = 1;
				DEVELOPMENT_TEAM = V834C37N47;
				GENERATE_INFOPLIST_FILE = YES;
				INFOPLIST_FILE = "Netflix Clone/Info.plist";
				INFOPLIST_KEY_UIApplicationSupportsIndirectInputEvents = YES;
				INFOPLIST_KEY_UILaunchStoryboardName = LaunchScreen;
				INFOPLIST_KEY_UISupportedInterfaceOrientations_iPad = "UIInterfaceOrientationPortrait UIInterfaceOrientationPortraitUpsideDown UIInterfaceOrientationLandscapeLeft UIInterfaceOrientationLandscapeRight";
				INFOPLIST_KEY_UISupportedInterfaceOrientations_iPhone = "UIInterfaceOrientationPortrait UIInterfaceOrientationLandscapeLeft UIInterfaceOrientationLandscapeRight";
				LD_RUNPATH_SEARCH_PATHS = (
					"$(inherited)",
					"@executable_path/Frameworks",
				);
				MARKETING_VERSION = 1.0;
				PRODUCT_BUNDLE_IDENTIFIER = "AnlBRC.Netflix-Clone";
				PRODUCT_NAME = "$(TARGET_NAME)";
				SWIFT_EMIT_LOC_STRINGS = YES;
				SWIFT_VERSION = 5.0;
				TARGETED_DEVICE_FAMILY = "1,2";
			};
			name = Release;
		};
/* End XCBuildConfiguration section */

/* Begin XCConfigurationList section */
		18F674E62A555FB90046257F /* Build configuration list for PBXProject "Netflix Clone" */ = {
			isa = XCConfigurationList;
			buildConfigurations = (
				18F674FD2A555FBA0046257F /* Debug */,
				18F674FE2A555FBA0046257F /* Release */,
			);
			defaultConfigurationIsVisible = 0;
			defaultConfigurationName = Release;
		};
		18F674FF2A555FBA0046257F /* Build configuration list for PBXNativeTarget "Netflix Clone" */ = {
			isa = XCConfigurationList;
			buildConfigurations = (
				18F675002A555FBA0046257F /* Debug */,
				18F675012A555FBA0046257F /* Release */,
			);
			defaultConfigurationIsVisible = 0;
			defaultConfigurationName = Release;
		};
/* End XCConfigurationList section */

/* Begin XCRemoteSwiftPackageReference section */
		188ED0D02A67D60A00903D50 /* XCRemoteSwiftPackageReference "SDWebImage" */ = {
			isa = XCRemoteSwiftPackageReference;
			repositoryURL = "https://github.com/SDWebImage/SDWebImage.git";
			requirement = {
				kind = upToNextMajorVersion;
				minimumVersion = 5.0.0;
			};
		};
/* End XCRemoteSwiftPackageReference section */

/* Begin XCSwiftPackageProductDependency section */
		188ED0D12A67D60A00903D50 /* SDWebImage */ = {
			isa = XCSwiftPackageProductDependency;
			package = 188ED0D02A67D60A00903D50 /* XCRemoteSwiftPackageReference "SDWebImage" */;
			productName = SDWebImage;
		};
		188ED0D32A67D60A00903D50 /* SDWebImageMapKit */ = {
			isa = XCSwiftPackageProductDependency;
			package = 188ED0D02A67D60A00903D50 /* XCRemoteSwiftPackageReference "SDWebImage" */;
			productName = SDWebImageMapKit;
		};
/* End XCSwiftPackageProductDependency section */

/* Begin XCVersionGroup section */
		181092F92AA7175600B340D4 /* NetflixCloneModel.xcdatamodeld */ = {
			isa = XCVersionGroup;
			children = (
				181092FA2AA7175600B340D4 /* NetflixCloneModel.xcdatamodel */,
			);
			currentVersion = 181092FA2AA7175600B340D4 /* NetflixCloneModel.xcdatamodel */;
			path = NetflixCloneModel.xcdatamodeld;
			sourceTree = "<group>";
			versionGroupType = wrapper.xcdatamodel;
		};
/* End XCVersionGroup section */
	};
	rootObject = 18F674E32A555FB90046257F /* Project object */;
}
